// !$*UTF8*$!
{
	archiveVersion = 1;
	classes = {
	};
	objectVersion = 51;
	objects = {

/* Begin PBXBuildFile section */
		1C477CB923E55A3C00194AF6 /* AppDelegate.swift in Sources */ = {isa = PBXBuildFile; fileRef = 1C477CB823E55A3C00194AF6 /* AppDelegate.swift */; };
		1C477CBD23E55A3C00194AF6 /* ListViewController.swift in Sources */ = {isa = PBXBuildFile; fileRef = 1C477CBC23E55A3C00194AF6 /* ListViewController.swift */; };
		1C477CC223E55A3E00194AF6 /* Assets.xcassets in Resources */ = {isa = PBXBuildFile; fileRef = 1C477CC123E55A3E00194AF6 /* Assets.xcassets */; };
		1C477CC523E55A3E00194AF6 /* LaunchScreen.storyboard in Resources */ = {isa = PBXBuildFile; fileRef = 1C477CC323E55A3E00194AF6 /* LaunchScreen.storyboard */; };
		1C477CCE23E55B2300194AF6 /* AddItemViewController.swift in Sources */ = {isa = PBXBuildFile; fileRef = 1C477CCD23E55B2300194AF6 /* AddItemViewController.swift */; };
		A9B738FFCF482CC8ECFA3EA5 /* Pods_RxSwift_Delegation.framework in Frameworks */ = {isa = PBXBuildFile; fileRef = A0496BF02DFDACEAC4B1EFF7 /* Pods_RxSwift_Delegation.framework */; };
/* End PBXBuildFile section */

/* Begin PBXFileReference section */
		1C477CB523E55A3C00194AF6 /* RxSwift-Delegation.app */ = {isa = PBXFileReference; explicitFileType = wrapper.application; includeInIndex = 0; path = "RxSwift-Delegation.app"; sourceTree = BUILT_PRODUCTS_DIR; };
		1C477CB823E55A3C00194AF6 /* AppDelegate.swift */ = {isa = PBXFileReference; lastKnownFileType = sourcecode.swift; path = AppDelegate.swift; sourceTree = "<group>"; };
		1C477CBC23E55A3C00194AF6 /* ListViewController.swift */ = {isa = PBXFileReference; lastKnownFileType = sourcecode.swift; path = ListViewController.swift; sourceTree = "<group>"; };
		1C477CC123E55A3E00194AF6 /* Assets.xcassets */ = {isa = PBXFileReference; lastKnownFileType = folder.assetcatalog; path = Assets.xcassets; sourceTree = "<group>"; };
		1C477CC423E55A3E00194AF6 /* Base */ = {isa = PBXFileReference; lastKnownFileType = file.storyboard; name = Base; path = Base.lproj/LaunchScreen.storyboard; sourceTree = "<group>"; };
		1C477CC623E55A3E00194AF6 /* Info.plist */ = {isa = PBXFileReference; lastKnownFileType = text.plist.xml; path = Info.plist; sourceTree = "<group>"; };
		1C477CCD23E55B2300194AF6 /* AddItemViewController.swift */ = {isa = PBXFileReference; lastKnownFileType = sourcecode.swift; path = AddItemViewController.swift; sourceTree = "<group>"; };
		A0496BF02DFDACEAC4B1EFF7 /* Pods_RxSwift_Delegation.framework */ = {isa = PBXFileReference; explicitFileType = wrapper.framework; includeInIndex = 0; path = Pods_RxSwift_Delegation.framework; sourceTree = BUILT_PRODUCTS_DIR; };
		D6CB447474016B5CE2F7A7FA /* Pods-RxSwift-Delegation.release.xcconfig */ = {isa = PBXFileReference; includeInIndex = 1; lastKnownFileType = text.xcconfig; name = "Pods-RxSwift-Delegation.release.xcconfig"; path = "Target Support Files/Pods-RxSwift-Delegation/Pods-RxSwift-Delegation.release.xcconfig"; sourceTree = "<group>"; };
		D6FC613BDA3C4D37D28A2AA5 /* Pods-RxSwift-Delegation.debug.xcconfig */ = {isa = PBXFileReference; includeInIndex = 1; lastKnownFileType = text.xcconfig; name = "Pods-RxSwift-Delegation.debug.xcconfig"; path = "Target Support Files/Pods-RxSwift-Delegation/Pods-RxSwift-Delegation.debug.xcconfig"; sourceTree = "<group>"; };
/* End PBXFileReference section */

/* Begin PBXFrameworksBuildPhase section */
		1C477CB223E55A3C00194AF6 /* Frameworks */ = {
			isa = PBXFrameworksBuildPhase;
			buildActionMask = 2147483647;
			files = (
				A9B738FFCF482CC8ECFA3EA5 /* Pods_RxSwift_Delegation.framework in Frameworks */,
			);
			runOnlyForDeploymentPostprocessing = 0;
		};
/* End PBXFrameworksBuildPhase section */

/* Begin PBXGroup section */
		1C477CAC23E55A3C00194AF6 = {
			isa = PBXGroup;
			children = (
				1C477CB723E55A3C00194AF6 /* RxSwift-Delegation */,
				1C477CB623E55A3C00194AF6 /* Products */,
				792A03A1F2CDC15453328874 /* Pods */,
				C75199DC9AD2F179E9972756 /* Frameworks */,
			);
			sourceTree = "<group>";
		};
		1C477CB623E55A3C00194AF6 /* Products */ = {
			isa = PBXGroup;
			children = (
				1C477CB523E55A3C00194AF6 /* RxSwift-Delegation.app */,
			);
			name = Products;
			sourceTree = "<group>";
		};
		1C477CB723E55A3C00194AF6 /* RxSwift-Delegation */ = {
			isa = PBXGroup;
			children = (
				1C477CB823E55A3C00194AF6 /* AppDelegate.swift */,
				1C477CBC23E55A3C00194AF6 /* ListViewController.swift */,
				1C477CCD23E55B2300194AF6 /* AddItemViewController.swift */,
				1C477CCC23E55A5600194AF6 /* Supporting Files */,
			);
			path = "RxSwift-Delegation";
			sourceTree = "<group>";
		};
		1C477CCC23E55A5600194AF6 /* Supporting Files */ = {
			isa = PBXGroup;
			children = (
				1C477CC123E55A3E00194AF6 /* Assets.xcassets */,
				1C477CC323E55A3E00194AF6 /* LaunchScreen.storyboard */,
				1C477CC623E55A3E00194AF6 /* Info.plist */,
			);
			path = "Supporting Files";
			sourceTree = "<group>";
		};
		792A03A1F2CDC15453328874 /* Pods */ = {
			isa = PBXGroup;
			children = (
				D6FC613BDA3C4D37D28A2AA5 /* Pods-RxSwift-Delegation.debug.xcconfig */,
				D6CB447474016B5CE2F7A7FA /* Pods-RxSwift-Delegation.release.xcconfig */,
			);
			path = Pods;
			sourceTree = "<group>";
		};
		C75199DC9AD2F179E9972756 /* Frameworks */ = {
			isa = PBXGroup;
			children = (
				A0496BF02DFDACEAC4B1EFF7 /* Pods_RxSwift_Delegation.framework */,
			);
			name = Frameworks;
			sourceTree = "<group>";
		};
/* End PBXGroup section */

/* Begin PBXNativeTarget section */
		1C477CB423E55A3C00194AF6 /* RxSwift-Delegation */ = {
			isa = PBXNativeTarget;
			buildConfigurationList = 1C477CC923E55A3E00194AF6 /* Build configuration list for PBXNativeTarget "RxSwift-Delegation" */;
			buildPhases = (
				3703FC3B27F129F32304483E /* [CP] Check Pods Manifest.lock */,
				1C477CB123E55A3C00194AF6 /* Sources */,
				1C477CB223E55A3C00194AF6 /* Frameworks */,
				1C477CB323E55A3C00194AF6 /* Resources */,
				5DB4CFB5E5B4D65DFDB84F19 /* [CP] Embed Pods Frameworks */,
			);
			buildRules = (
			);
			dependencies = (
			);
			name = "RxSwift-Delegation";
			productName = "RxSwift-Delegation";
			productReference = 1C477CB523E55A3C00194AF6 /* RxSwift-Delegation.app */;
			productType = "com.apple.product-type.application";
		};
/* End PBXNativeTarget section */

/* Begin PBXProject section */
		1C477CAD23E55A3C00194AF6 /* Project object */ = {
			isa = PBXProject;
			attributes = {
				LastSwiftUpdateCheck = 1120;
				LastUpgradeCheck = 1120;
				ORGANIZATIONNAME = Zafar;
				TargetAttributes = {
					1C477CB423E55A3C00194AF6 = {
						CreatedOnToolsVersion = 11.2.1;
					};
				};
			};
			buildConfigurationList = 1C477CB023E55A3C00194AF6 /* Build configuration list for PBXProject "RxSwift-Delegation" */;
			compatibilityVersion = "Xcode 9.3";
			developmentRegion = en;
			hasScannedForEncodings = 0;
			knownRegions = (
				en,
				Base,
			);
			mainGroup = 1C477CAC23E55A3C00194AF6;
			productRefGroup = 1C477CB623E55A3C00194AF6 /* Products */;
			projectDirPath = "";
			projectRoot = "";
			targets = (
				1C477CB423E55A3C00194AF6 /* RxSwift-Delegation */,
			);
		};
/* End PBXProject section */

/* Begin PBXResourcesBuildPhase section */
		1C477CB323E55A3C00194AF6 /* Resources */ = {
			isa = PBXResourcesBuildPhase;
			buildActionMask = 2147483647;
			files = (
				1C477CC523E55A3E00194AF6 /* LaunchScreen.storyboard in Resources */,
				1C477CC223E55A3E00194AF6 /* Assets.xcassets in Resources */,
			);
			runOnlyForDeploymentPostprocessing = 0;
		};
/* End PBXResourcesBuildPhase section */

/* Begin PBXShellScriptBuildPhase section */
		3703FC3B27F129F32304483E /* [CP] Check Pods Manifest.lock */ = {
			isa = PBXShellScriptBuildPhase;
			buildActionMask = 2147483647;
			files = (
			);
			inputFileListPaths = (
			);
			inputPaths = (
				"${PODS_PODFILE_DIR_PATH}/Podfile.lock",
				"${PODS_ROOT}/Manifest.lock",
			);
			name = "[CP] Check Pods Manifest.lock";
			outputFileListPaths = (
			);
			outputPaths = (
				"$(DERIVED_FILE_DIR)/Pods-RxSwift-Delegation-checkManifestLockResult.txt",
			);
			runOnlyForDeploymentPostprocessing = 0;
			shellPath = /bin/sh;
			shellScript = "diff \"${PODS_PODFILE_DIR_PATH}/Podfile.lock\" \"${PODS_ROOT}/Manifest.lock\" > /dev/null\nif [ $? != 0 ] ; then\n    # print error to STDERR\n    echo \"error: The sandbox is not in sync with the Podfile.lock. Run 'pod install' or update your CocoaPods installation.\" >&2\n    exit 1\nfi\n# This output is used by Xcode 'outputs' to avoid re-running this script phase.\necho \"SUCCESS\" > \"${SCRIPT_OUTPUT_FILE_0}\"\n";
			showEnvVarsInLog = 0;
		};
		5DB4CFB5E5B4D65DFDB84F19 /* [CP] Embed Pods Frameworks */ = {
			isa = PBXShellScriptBuildPhase;
			buildActionMask = 2147483647;
			files = (
			);
			inputFileListPaths = (
				"${PODS_ROOT}/Target Support Files/Pods-RxSwift-Delegation/Pods-RxSwift-Delegation-frameworks-${CONFIGURATION}-input-files.xcfilelist",
			);
			name = "[CP] Embed Pods Frameworks";
			outputFileListPaths = (
				"${PODS_ROOT}/Target Support Files/Pods-RxSwift-Delegation/Pods-RxSwift-Delegation-frameworks-${CONFIGURATION}-output-files.xcfilelist",
			);
			runOnlyForDeploymentPostprocessing = 0;
			shellPath = /bin/sh;
			shellScript = "\"${PODS_ROOT}/Target Support Files/Pods-RxSwift-Delegation/Pods-RxSwift-Delegation-frameworks.sh\"\n";
			showEnvVarsInLog = 0;
		};
/* End PBXShellScriptBuildPhase section */

/* Begin PBXSourcesBuildPhase section */
		1C477CB123E55A3C00194AF6 /* Sources */ = {
			isa = PBXSourcesBuildPhase;
			buildActionMask = 2147483647;
			files = (
				1C477CBD23E55A3C00194AF6 /* ListViewController.swift in Sources */,
				1C477CB923E55A3C00194AF6 /* AppDelegate.swift in Sources */,
				1C477CCE23E55B2300194AF6 /* AddItemViewController.swift in Sources */,
			);
			runOnlyForDeploymentPostprocessing = 0;
		};
/* End PBXSourcesBuildPhase section */

/* Begin PBXVariantGroup section */
		1C477CC323E55A3E00194AF6 /* LaunchScreen.storyboard */ = {
			isa = PBXVariantGroup;
			children = (
				1C477CC423E55A3E00194AF6 /* Base */,
			);
			name = LaunchScreen.storyboard;
			sourceTree = "<group>";
		};
/* End PBXVariantGroup section */

/* Begin XCBuildConfiguration section */
		1C477CC723E55A3E00194AF6 /* Debug */ = {
			isa = XCBuildConfiguration;
			buildSettings = {
				ALWAYS_SEARCH_USER_PATHS = NO;
				CLANG_ANALYZER_NONNULL = YES;
				CLANG_ANALYZER_NUMBER_OBJECT_CONVERSION = YES_AGGRESSIVE;
				CLANG_CXX_LANGUAGE_STANDARD = "gnu++14";
				CLANG_CXX_LIBRARY = "libc++";
				CLANG_ENABLE_MODULES = YES;
				CLANG_ENABLE_OBJC_ARC = YES;
				CLANG_ENABLE_OBJC_WEAK = YES;
				CLANG_WARN_BLOCK_CAPTURE_AUTORELEASING = YES;
				CLANG_WARN_BOOL_CONVERSION = YES;
				CLANG_WARN_COMMA = YES;
				CLANG_WARN_CONSTANT_CONVERSION = YES;
				CLANG_WARN_DEPRECATED_OBJC_IMPLEMENTATIONS = YES;
				CLANG_WARN_DIRECT_OBJC_ISA_USAGE = YES_ERROR;
				CLANG_WARN_DOCUMENTATION_COMMENTS = YES;
				CLANG_WARN_EMPTY_BODY = YES;
				CLANG_WARN_ENUM_CONVERSION = YES;
				CLANG_WARN_INFINITE_RECURSION = YES;
				CLANG_WARN_INT_CONVERSION = YES;
				CLANG_WARN_NON_LITERAL_NULL_CONVERSION = YES;
				CLANG_WARN_OBJC_IMPLICIT_RETAIN_SELF = YES;
				CLANG_WARN_OBJC_LITERAL_CONVERSION = YES;
				CLANG_WARN_OBJC_ROOT_CLASS = YES_ERROR;
				CLANG_WARN_RANGE_LOOP_ANALYSIS = YES;
				CLANG_WARN_STRICT_PROTOTYPES = YES;
				CLANG_WARN_SUSPICIOUS_MOVE = YES;
				CLANG_WARN_UNGUARDED_AVAILABILITY = YES_AGGRESSIVE;
				CLANG_WARN_UNREACHABLE_CODE = YES;
				CLANG_WARN__DUPLICATE_METHOD_MATCH = YES;
				COPY_PHASE_STRIP = NO;
				DEBUG_INFORMATION_FORMAT = dwarf;
				ENABLE_STRICT_OBJC_MSGSEND = YES;
				ENABLE_TESTABILITY = YES;
				GCC_C_LANGUAGE_STANDARD = gnu11;
				GCC_DYNAMIC_NO_PIC = NO;
				GCC_NO_COMMON_BLOCKS = YES;
				GCC_OPTIMIZATION_LEVEL = 0;
				GCC_PREPROCESSOR_DEFINITIONS = (
					"DEBUG=1",
					"$(inherited)",
				);
				GCC_WARN_64_TO_32_BIT_CONVERSION = YES;
				GCC_WARN_ABOUT_RETURN_TYPE = YES_ERROR;
				GCC_WARN_UNDECLARED_SELECTOR = YES;
				GCC_WARN_UNINITIALIZED_AUTOS = YES_AGGRESSIVE;
				GCC_WARN_UNUSED_FUNCTION = YES;
				GCC_WARN_UNUSED_VARIABLE = YES;
				IPHONEOS_DEPLOYMENT_TARGET = 13.2;
				MTL_ENABLE_DEBUG_INFO = INCLUDE_SOURCE;
				MTL_FAST_MATH = YES;
				ONLY_ACTIVE_ARCH = YES;
				SDKROOT = iphoneos;
				SWIFT_ACTIVE_COMPILATION_CONDITIONS = DEBUG;
				SWIFT_OPTIMIZATION_LEVEL = "-Onone";
			};
			name = Debug;
		};
		1C477CC823E55A3E00194AF6 /* Release */ = {
			isa = XCBuildConfiguration;
			buildSettings = {
				ALWAYS_SEARCH_USER_PATHS = NO;
				CLANG_ANALYZER_NONNULL = YES;
				CLANG_ANALYZER_NUMBER_OBJECT_CONVERSION = YES_AGGRESSIVE;
				CLANG_CXX_LANGUAGE_STANDARD = "gnu++14";
				CLANG_CXX_LIBRARY = "libc++";
				CLANG_ENABLE_MODULES = YES;
				CLANG_ENABLE_OBJC_ARC = YES;
				CLANG_ENABLE_OBJC_WEAK = YES;
				CLANG_WARN_BLOCK_CAPTURE_AUTORELEASING = YES;
				CLANG_WARN_BOOL_CONVERSION = YES;
				CLANG_WARN_COMMA = YES;
				CLANG_WARN_CONSTANT_CONVERSION = YES;
				CLANG_WARN_DEPRECATED_OBJC_IMPLEMENTATIONS = YES;
				CLANG_WARN_DIRECT_OBJC_ISA_USAGE = YES_ERROR;
				CLANG_WARN_DOCUMENTATION_COMMENTS = YES;
				CLANG_WARN_EMPTY_BODY = YES;
				CLANG_WARN_ENUM_CONVERSION = YES;
				CLANG_WARN_INFINITE_RECURSION = YES;
				CLANG_WARN_INT_CONVERSION = YES;
				CLANG_WARN_NON_LITERAL_NULL_CONVERSION = YES;
				CLANG_WARN_OBJC_IMPLICIT_RETAIN_SELF = YES;
				CLANG_WARN_OBJC_LITERAL_CONVERSION = YES;
				CLANG_WARN_OBJC_ROOT_CLASS = YES_ERROR;
				CLANG_WARN_RANGE_LOOP_ANALYSIS = YES;
				CLANG_WARN_STRICT_PROTOTYPES = YES;
				CLANG_WARN_SUSPICIOUS_MOVE = YES;
				CLANG_WARN_UNGUARDED_AVAILABILITY = YES_AGGRESSIVE;
				CLANG_WARN_UNREACHABLE_CODE = YES;
				CLANG_WARN__DUPLICATE_METHOD_MATCH = YES;
				COPY_PHASE_STRIP = NO;
				DEBUG_INFORMATION_FORMAT = "dwarf-with-dsym";
				ENABLE_NS_ASSERTIONS = NO;
				ENABLE_STRICT_OBJC_MSGSEND = YES;
				GCC_C_LANGUAGE_STANDARD = gnu11;
				GCC_NO_COMMON_BLOCKS = YES;
				GCC_WARN_64_TO_32_BIT_CONVERSION = YES;
				GCC_WARN_ABOUT_RETURN_TYPE = YES_ERROR;
				GCC_WARN_UNDECLARED_SELECTOR = YES;
				GCC_WARN_UNINITIALIZED_AUTOS = YES_AGGRESSIVE;
				GCC_WARN_UNUSED_FUNCTION = YES;
				GCC_WARN_UNUSED_VARIABLE = YES;
				IPHONEOS_DEPLOYMENT_TARGET = 13.2;
				MTL_ENABLE_DEBUG_INFO = NO;
				MTL_FAST_MATH = YES;
				SDKROOT = iphoneos;
				SWIFT_COMPILATION_MODE = wholemodule;
				SWIFT_OPTIMIZATION_LEVEL = "-O";
				VALIDATE_PRODUCT = YES;
			};
			name = Release;
		};
		1C477CCA23E55A3E00194AF6 /* Debug */ = {
			isa = XCBuildConfiguration;
			baseConfigurationReference = D6FC613BDA3C4D37D28A2AA5 /* Pods-RxSwift-Delegation.debug.xcconfig */;
			buildSettings = {
				ASSETCATALOG_COMPILER_APPICON_NAME = AppIcon;
				CODE_SIGN_STYLE = Automatic;
				DEVELOPMENT_TEAM = MJWVGRX9VD;
				INFOPLIST_FILE = "RxSwift-Delegation/Supporting Files/Info.plist";
				LD_RUNPATH_SEARCH_PATHS = (
					"$(inherited)",
					"@executable_path/Frameworks",
				);
				PRODUCT_BUNDLE_IDENTIFIER = "com.zafar.RxSwift-Delegation";
				PRODUCT_NAME = "$(TARGET_NAME)";
				SWIFT_VERSION = 5.0;
				TARGETED_DEVICE_FAMILY = "1,2";
			};
			name = Debug;
		};
		1C477CCB23E55A3E00194AF6 /* Release */ = {
			isa = XCBuildConfiguration;
			baseConfigurationReference = D6CB447474016B5CE2F7A7FA /* Pods-RxSwift-Delegation.release.xcconfig */;
			buildSettings = {
				ASSETCATALOG_COMPILER_APPICON_NAME = AppIcon;
				CODE_SIGN_STYLE = Automatic;
				DEVELOPMENT_TEAM = MJWVGRX9VD;
				INFOPLIST_FILE = "RxSwift-Delegation/Supporting Files/Info.plist";
				LD_RUNPATH_SEARCH_PATHS = (
					"$(inherited)",
					"@executable_path/Frameworks",
				);
				PRODUCT_BUNDLE_IDENTIFIER = "com.zafar.RxSwift-Delegation";
				PRODUCT_NAME = "$(TARGET_NAME)";
				SWIFT_VERSION = 5.0;
				TARGETED_DEVICE_FAMILY = "1,2";
			};
			name = Release;
		};
/* End XCBuildConfiguration section */

/* Begin XCConfigurationList section */
		1C477CB023E55A3C00194AF6 /* Build configuration list for PBXProject "RxSwift-Delegation" */ = {
			isa = XCConfigurationList;
			buildConfigurations = (
				1C477CC723E55A3E00194AF6 /* Debug */,
				1C477CC823E55A3E00194AF6 /* Release */,
			);
			defaultConfigurationIsVisible = 0;
			defaultConfigurationName = Release;
		};
		1C477CC923E55A3E00194AF6 /* Build configuration list for PBXNativeTarget "RxSwift-Delegation" */ = {
			isa = XCConfigurationList;
			buildConfigurations = (
				1C477CCA23E55A3E00194AF6 /* Debug */,
				1C477CCB23E55A3E00194AF6 /* Release */,
			);
			defaultConfigurationIsVisible = 0;
			defaultConfigurationName = Release;
		};
/* End XCConfigurationList section */
	};
	rootObject = 1C477CAD23E55A3C00194AF6 /* Project object */;
}
